{
  "name": "quick-dijkstra-wasm-javascript-web-example",
  "version": "1.0.0",
  "lockfileVersion": 1,
  "requires": true,
  "dependencies": {
    "@streamr/quick-dijkstra-wasm": {
      "version": "1.1.1",
      "resolved": "https://registry.npmjs.org/@streamr/quick-dijkstra-wasm/-/quick-dijkstra-wasm-1.1.1.tgz",
      "integrity": "sha512-oWJ1NF5k/+AqBxVH0d+xAo5s8toztzCFQEY7y1HmMRAxoj3UZVMaPJ3ROxZlIrEpVZzbIwfBNvpn7xJ5tTrFqQ=="
    }
  }
}
